
Microsoft Visual Studio Solution File, Format Version 12.00
# Visual Studio Version 17
VisualStudioVersion = 17.7.34003.232
MinimumVisualStudioVersion = 10.0.40219.1
Project("{9A19103F-16F7-4668-BE54-9A1E7A4F7556}") = "QuickRestart", "QuickRestart.csproj", "{2CD25E10-08F8-4C86-9760-780F0868BC60}"
EndProject
Global
	GlobalSection(SolutionConfigurationPlatforms) = preSolution
		Debug|Any CPU = Debug|Any CPU
		Release|Any CPU = Release|Any CPU
	EndGlobalSection
	GlobalSection(ProjectConfigurationPlatforms) = postSolution
		{2CD25E10-08F8-4C86-9760-780F0868BC60}.Debug|Any CPU.ActiveCfg = Debug|Any CPU
		{2CD25E10-08F8-4C86-9760-780F0868BC60}.Debug|Any CPU.Build.0 = Debug|Any CPU
		{2CD25E10-08F8-4C86-9760-780F0868BC60}.Release|Any CPU.ActiveCfg = Release|Any CPU
		{2CD25E10-08F8-4C86-9760-780F0868BC60}.Release|Any CPU.Build.0 = Release|Any CPU
	EndGlobalSection
	GlobalSection(SolutionProperties) = preSolution
		HideSolutionNode = FALSE
	EndGlobalSection
	GlobalSection(ExtensibilityGlobals) = postSolution
		SolutionGuid = {690E8249-663E-4E48-8B16-350A114ED182}
	EndGlobalSection
EndGlobal
